
Microsoft Visual Studio Solution File, Format Version 12.00
# Visual Studio Version 17
VisualStudioVersion = 17.0.32014.148
MinimumVisualStudioVersion = 10.0.40219.1
Project("{9A19103F-16F7-4668-BE54-9A1E7A4F7556}") = "Servicios.api.Libreria", "Servicios.api.Libreria\Servicios.api.Libreria.csproj", "{043306E9-B5FE-4DF2-B489-3B138AC6ACA7}"
EndProject
Project("{9A19103F-16F7-4668-BE54-9A1E7A4F7556}") = "Servicios.api.seguridad", "Servicios.api.seguridad\Servicios.api.seguridad.csproj", "{1A3377FC-E97D-45F6-8FFD-EE3C72D02CB3}"
EndProject
Project("{FAE04EC0-301F-11D3-BF4B-00C04F79EFBC}") = "Servicios.api.Gateway", "Servicios.api.Gateway\Servicios.api.Gateway.csproj", "{FD023283-F73D-4EBB-99B5-5A09155439A3}"
EndProject
Global
	GlobalSection(SolutionConfigurationPlatforms) = preSolution
		Debug|Any CPU = Debug|Any CPU
		Release|Any CPU = Release|Any CPU
	EndGlobalSection
	GlobalSection(ProjectConfigurationPlatforms) = postSolution
		{043306E9-B5FE-4DF2-B489-3B138AC6ACA7}.Debug|Any CPU.ActiveCfg = Debug|Any CPU
		{043306E9-B5FE-4DF2-B489-3B138AC6ACA7}.Debug|Any CPU.Build.0 = Debug|Any CPU
		{043306E9-B5FE-4DF2-B489-3B138AC6ACA7}.Release|Any CPU.ActiveCfg = Release|Any CPU
		{043306E9-B5FE-4DF2-B489-3B138AC6ACA7}.Release|Any CPU.Build.0 = Release|Any CPU
		{1A3377FC-E97D-45F6-8FFD-EE3C72D02CB3}.Debug|Any CPU.ActiveCfg = Debug|Any CPU
		{1A3377FC-E97D-45F6-8FFD-EE3C72D02CB3}.Debug|Any CPU.Build.0 = Debug|Any CPU
		{1A3377FC-E97D-45F6-8FFD-EE3C72D02CB3}.Release|Any CPU.ActiveCfg = Release|Any CPU
		{1A3377FC-E97D-45F6-8FFD-EE3C72D02CB3}.Release|Any CPU.Build.0 = Release|Any CPU
		{FD023283-F73D-4EBB-99B5-5A09155439A3}.Debug|Any CPU.ActiveCfg = Debug|Any CPU
		{FD023283-F73D-4EBB-99B5-5A09155439A3}.Debug|Any CPU.Build.0 = Debug|Any CPU
		{FD023283-F73D-4EBB-99B5-5A09155439A3}.Release|Any CPU.ActiveCfg = Release|Any CPU
		{FD023283-F73D-4EBB-99B5-5A09155439A3}.Release|Any CPU.Build.0 = Release|Any CPU
	EndGlobalSection
	GlobalSection(SolutionProperties) = preSolution
		HideSolutionNode = FALSE
	EndGlobalSection
	GlobalSection(ExtensibilityGlobals) = postSolution
		SolutionGuid = {D5092E13-7713-427D-8ECD-C385D9DE1F28}
	EndGlobalSection
EndGlobal
